
Microsoft Visual Studio Solution File, Format Version 12.00
# Visual Studio Version 17
VisualStudioVersion = 17.7.34024.191
MinimumVisualStudioVersion = 10.0.40219.1
Project("{FAE04EC0-301F-11D3-BF4B-00C04F79EFBC}") = "MSOPart4", "MSOPart4\MSOPart4.csproj", "{C016BC0A-86A2-4301-9937-D2AE9E65982A}"
EndProject
Global
	GlobalSection(SolutionConfigurationPlatforms) = preSolution
		Debug|Any CPU = Debug|Any CPU
		Release|Any CPU = Release|Any CPU
	EndGlobalSection
	GlobalSection(ProjectConfigurationPlatforms) = postSolution
		{C016BC0A-86A2-4301-9937-D2AE9E65982A}.Debug|Any CPU.ActiveCfg = Debug|Any CPU
		{C016BC0A-86A2-4301-9937-D2AE9E65982A}.Debug|Any CPU.Build.0 = Debug|Any CPU
		{C016BC0A-86A2-4301-9937-D2AE9E65982A}.Release|Any CPU.ActiveCfg = Release|Any CPU
		{C016BC0A-86A2-4301-9937-D2AE9E65982A}.Release|Any CPU.Build.0 = Release|Any CPU
	EndGlobalSection
	GlobalSection(SolutionProperties) = preSolution
		HideSolutionNode = FALSE
	EndGlobalSection
	GlobalSection(ExtensibilityGlobals) = postSolution
		SolutionGuid = {99BB44AA-B035-473D-B270-90378CC13FAC}
	EndGlobalSection
EndGlobal
